
Microsoft Visual Studio Solution File, Format Version 12.00
# Visual Studio Version 16
VisualStudioVersion = 16.0.30621.155
MinimumVisualStudioVersion = 10.0.40219.1
Project("{FAE04EC0-301F-11D3-BF4B-00C04F79EFBC}") = "McExample.Cons", "McExample.Cons\McExample.Cons.csproj", "{138C7B57-E89F-4CE6-B7DA-74352E5C5AF9}"
EndProject
Project("{FAE04EC0-301F-11D3-BF4B-00C04F79EFBC}") = "McExample.BO", "McExample.BO\McExample.BO.csproj", "{C51632DB-B610-437F-AA53-57B8664D1A87}"
EndProject
Project("{FAE04EC0-301F-11D3-BF4B-00C04F79EFBC}") = "McExample.DAL", "McExample.DAL\McExample.DAL.csproj", "{8C6C78F4-66E4-4AB6-BF29-2360F423FE0F}"
EndProject
Project("{FAE04EC0-301F-11D3-BF4B-00C04F79EFBC}") = "McExample.BLL", "McExample.BLL\McExample.BLL.csproj", "{D28923B5-E024-4702-941C-59B88FD319B4}"
EndProject
Project("{FAE04EC0-301F-11D3-BF4B-00C04F79EFBC}") = "McExample.WinForms", "McExample.WinForms\McExample.WinForms.csproj", "{6889CEF5-DE59-4B3B-9438-E637CFDD8D47}"
EndProject
Global
	GlobalSection(SolutionConfigurationPlatforms) = preSolution
		Debug|Any CPU = Debug|Any CPU
		Release|Any CPU = Release|Any CPU
	EndGlobalSection
	GlobalSection(ProjectConfigurationPlatforms) = postSolution
		{138C7B57-E89F-4CE6-B7DA-74352E5C5AF9}.Debug|Any CPU.ActiveCfg = Debug|Any CPU
		{138C7B57-E89F-4CE6-B7DA-74352E5C5AF9}.Debug|Any CPU.Build.0 = Debug|Any CPU
		{138C7B57-E89F-4CE6-B7DA-74352E5C5AF9}.Release|Any CPU.ActiveCfg = Release|Any CPU
		{138C7B57-E89F-4CE6-B7DA-74352E5C5AF9}.Release|Any CPU.Build.0 = Release|Any CPU
		{C51632DB-B610-437F-AA53-57B8664D1A87}.Debug|Any CPU.ActiveCfg = Debug|Any CPU
		{C51632DB-B610-437F-AA53-57B8664D1A87}.Debug|Any CPU.Build.0 = Debug|Any CPU
		{C51632DB-B610-437F-AA53-57B8664D1A87}.Release|Any CPU.ActiveCfg = Release|Any CPU
		{C51632DB-B610-437F-AA53-57B8664D1A87}.Release|Any CPU.Build.0 = Release|Any CPU
		{8C6C78F4-66E4-4AB6-BF29-2360F423FE0F}.Debug|Any CPU.ActiveCfg = Debug|Any CPU
		{8C6C78F4-66E4-4AB6-BF29-2360F423FE0F}.Debug|Any CPU.Build.0 = Debug|Any CPU
		{8C6C78F4-66E4-4AB6-BF29-2360F423FE0F}.Release|Any CPU.ActiveCfg = Release|Any CPU
		{8C6C78F4-66E4-4AB6-BF29-2360F423FE0F}.Release|Any CPU.Build.0 = Release|Any CPU
		{D28923B5-E024-4702-941C-59B88FD319B4}.Debug|Any CPU.ActiveCfg = Debug|Any CPU
		{D28923B5-E024-4702-941C-59B88FD319B4}.Debug|Any CPU.Build.0 = Debug|Any CPU
		{D28923B5-E024-4702-941C-59B88FD319B4}.Release|Any CPU.ActiveCfg = Release|Any CPU
		{D28923B5-E024-4702-941C-59B88FD319B4}.Release|Any CPU.Build.0 = Release|Any CPU
		{6889CEF5-DE59-4B3B-9438-E637CFDD8D47}.Debug|Any CPU.ActiveCfg = Debug|Any CPU
		{6889CEF5-DE59-4B3B-9438-E637CFDD8D47}.Debug|Any CPU.Build.0 = Debug|Any CPU
		{6889CEF5-DE59-4B3B-9438-E637CFDD8D47}.Release|Any CPU.ActiveCfg = Release|Any CPU
		{6889CEF5-DE59-4B3B-9438-E637CFDD8D47}.Release|Any CPU.Build.0 = Release|Any CPU
	EndGlobalSection
	GlobalSection(SolutionProperties) = preSolution
		HideSolutionNode = FALSE
	EndGlobalSection
	GlobalSection(ExtensibilityGlobals) = postSolution
		SolutionGuid = {98AE4420-00B7-4CFE-8950-DF7D90AC531A}
	EndGlobalSection
EndGlobal
